# THIS IS AN AUTOGENERATED FILE. DO NOT EDIT THIS FILE DIRECTLY.
# yarn lockfile v1


"@adraffy/ens-normalize@^1.11.0":
  version "1.11.1"
  resolved "https://registry.yarnpkg.com/@adraffy/ens-normalize/-/ens-normalize-1.11.1.tgz#6c2d657d4b2dfb37f8ea811dcb3e60843d4ac24a"
  integrity sha512-nhCBV3quEgesuf7c7KYfperqSS14T8bYuvJ8PcLJp6znkZpFc0AuW4qBtr8eKVyPPe/8RSr7sglCWPU5eaxwKQ==

"@bufbuild/protobuf@^1.7.2":
  version "1.10.1"
  resolved "https://registry.yarnpkg.com/@bufbuild/protobuf/-/protobuf-1.10.1.tgz#1d76d15290c0212076c15ede94d15157ba0c6344"
  integrity sha512-wJ8ReQbHxsAfXhrf9ixl0aYbZorRuOWpBNzm8pL8ftmSxQx/wnJD5Eg861NwJU/czy2VXFIebCeZnZrI9rktIQ==

"@esbuild/aix-ppc64@0.21.5":
  version "0.21.5"
  resolved "https://registry.yarnpkg.com/@esbuild/aix-ppc64/-/aix-ppc64-0.21.5.tgz#c7184a326533fcdf1b8ee0733e21c713b975575f"
  integrity sha512-1SDgH6ZSPTlggy1yI6+Dbkiz8xzpHJEVAlF/AM1tHPLsf5STom9rwtjE4hKAF20FfXXNTFqEYXyJNWh1GiZedQ==

"@esbuild/android-arm64@0.21.5":
  version "0.21.5"
  resolved "https://registry.yarnpkg.com/@esbuild/android-arm64/-/android-arm64-0.21.5.tgz#09d9b4357780da9ea3a7dfb833a1f1ff439b4052"
  integrity sha512-c0uX9VAUBQ7dTDCjq+wdyGLowMdtR/GoC2U5IYk/7D1H1JYC0qseD7+11iMP2mRLN9RcCMRcjC4YMclCzGwS/A==

"@esbuild/android-arm@0.21.5":
  version "0.21.5"
  resolved "https://registry.yarnpkg.com/@esbuild/android-arm/-/android-arm-0.21.5.tgz#9b04384fb771926dfa6d7ad04324ecb2ab9b2e28"
  integrity sha512-vCPvzSjpPHEi1siZdlvAlsPxXl7WbOVUBBAowWug4rJHb68Ox8KualB+1ocNvT5fjv6wpkX6o/iEpbDrf68zcg==

"@esbuild/android-x64@0.21.5":
  version "0.21.5"
  resolved "https://registry.yarnpkg.com/@esbuild/android-x64/-/android-x64-0.21.5.tgz#29918ec2db754cedcb6c1b04de8cd6547af6461e"
  integrity sha512-D7aPRUUNHRBwHxzxRvp856rjUHRFW1SdQATKXH2hqA0kAZb1hKmi02OpYRacl0TxIGz/ZmXWlbZgjwWYaCakTA==

"@esbuild/darwin-arm64@0.21.5":
  version "0.21.5"
  resolved "https://registry.yarnpkg.com/@esbuild/darwin-arm64/-/darwin-arm64-0.21.5.tgz#e495b539660e51690f3928af50a76fb0a6ccff2a"
  integrity sha512-DwqXqZyuk5AiWWf3UfLiRDJ5EDd49zg6O9wclZ7kUMv2WRFr4HKjXp/5t8JZ11QbQfUS6/cRCKGwYhtNAY88kQ==

"@esbuild/darwin-x64@0.21.5":
  version "0.21.5"
  resolved "https://registry.yarnpkg.com/@esbuild/darwin-x64/-/darwin-x64-0.21.5.tgz#c13838fa57372839abdddc91d71542ceea2e1e22"
  integrity sha512-se/JjF8NlmKVG4kNIuyWMV/22ZaerB+qaSi5MdrXtd6R08kvs2qCN4C09miupktDitvh8jRFflwGFBQcxZRjbw==

"@esbuild/freebsd-arm64@0.21.5":
  version "0.21.5"
  resolved "https://registry.yarnpkg.com/@esbuild/freebsd-arm64/-/freebsd-arm64-0.21.5.tgz#646b989aa20bf89fd071dd5dbfad69a3542e550e"
  integrity sha512-5JcRxxRDUJLX8JXp/wcBCy3pENnCgBR9bN6JsY4OmhfUtIHe3ZW0mawA7+RDAcMLrMIZaf03NlQiX9DGyB8h4g==

"@esbuild/freebsd-x64@0.21.5":
  version "0.21.5"
  resolved "https://registry.yarnpkg.com/@esbuild/freebsd-x64/-/freebsd-x64-0.21.5.tgz#aa615cfc80af954d3458906e38ca22c18cf5c261"
  integrity sha512-J95kNBj1zkbMXtHVH29bBriQygMXqoVQOQYA+ISs0/2l3T9/kj42ow2mpqerRBxDJnmkUDCaQT/dfNXWX/ZZCQ==

"@esbuild/linux-arm64@0.21.5":
  version "0.21.5"
  resolved "https://registry.yarnpkg.com/@esbuild/linux-arm64/-/linux-arm64-0.21.5.tgz#70ac6fa14f5cb7e1f7f887bcffb680ad09922b5b"
  integrity sha512-ibKvmyYzKsBeX8d8I7MH/TMfWDXBF3db4qM6sy+7re0YXya+K1cem3on9XgdT2EQGMu4hQyZhan7TeQ8XkGp4Q==

"@esbuild/linux-arm@0.21.5":
  version "0.21.5"
  resolved "https://registry.yarnpkg.com/@esbuild/linux-arm/-/linux-arm-0.21.5.tgz#fc6fd11a8aca56c1f6f3894f2bea0479f8f626b9"
  integrity sha512-bPb5AHZtbeNGjCKVZ9UGqGwo8EUu4cLq68E95A53KlxAPRmUyYv2D6F0uUI65XisGOL1hBP5mTronbgo+0bFcA==

"@esbuild/linux-ia32@0.21.5":
  version "0.21.5"
  resolved "https://registry.yarnpkg.com/@esbuild/linux-ia32/-/linux-ia32-0.21.5.tgz#3271f53b3f93e3d093d518d1649d6d68d346ede2"
  integrity sha512-YvjXDqLRqPDl2dvRODYmmhz4rPeVKYvppfGYKSNGdyZkA01046pLWyRKKI3ax8fbJoK5QbxblURkwK/MWY18Tg==

"@esbuild/linux-loong64@0.21.5":
  version "0.21.5"
  resolved "https://registry.yarnpkg.com/@esbuild/linux-loong64/-/linux-loong64-0.21.5.tgz#ed62e04238c57026aea831c5a130b73c0f9f26df"
  integrity sha512-uHf1BmMG8qEvzdrzAqg2SIG/02+4/DHB6a9Kbya0XDvwDEKCoC8ZRWI5JJvNdUjtciBGFQ5PuBlpEOXQj+JQSg==

"@esbuild/linux-mips64el@0.21.5":
  version "0.21.5"
  resolved "https://registry.yarnpkg.com/@esbuild/linux-mips64el/-/linux-mips64el-0.21.5.tgz#e79b8eb48bf3b106fadec1ac8240fb97b4e64cbe"
  integrity sha512-IajOmO+KJK23bj52dFSNCMsz1QP1DqM6cwLUv3W1QwyxkyIWecfafnI555fvSGqEKwjMXVLokcV5ygHW5b3Jbg==

"@esbuild/linux-ppc64@0.21.5":
  version "0.21.5"
  resolved "https://registry.yarnpkg.com/@esbuild/linux-ppc64/-/linux-ppc64-0.21.5.tgz#5f2203860a143b9919d383ef7573521fb154c3e4"
  integrity sha512-1hHV/Z4OEfMwpLO8rp7CvlhBDnjsC3CttJXIhBi+5Aj5r+MBvy4egg7wCbe//hSsT+RvDAG7s81tAvpL2XAE4w==

"@esbuild/linux-riscv64@0.21.5":
  version "0.21.5"
  resolved "https://registry.yarnpkg.com/@esbuild/linux-riscv64/-/linux-riscv64-0.21.5.tgz#07bcafd99322d5af62f618cb9e6a9b7f4bb825dc"
  integrity sha512-2HdXDMd9GMgTGrPWnJzP2ALSokE/0O5HhTUvWIbD3YdjME8JwvSCnNGBnTThKGEB91OZhzrJ4qIIxk/SBmyDDA==

"@esbuild/linux-s390x@0.21.5":
  version "0.21.5"
  resolved "https://registry.yarnpkg.com/@esbuild/linux-s390x/-/linux-s390x-0.21.5.tgz#b7ccf686751d6a3e44b8627ababc8be3ef62d8de"
  integrity sha512-zus5sxzqBJD3eXxwvjN1yQkRepANgxE9lgOW2qLnmr8ikMTphkjgXu1HR01K4FJg8h1kEEDAqDcZQtbrRnB41A==

"@esbuild/linux-x64@0.21.5":
  version "0.21.5"
  resolved "https://registry.yarnpkg.com/@esbuild/linux-x64/-/linux-x64-0.21.5.tgz#6d8f0c768e070e64309af8004bb94e68ab2bb3b0"
  integrity sha512-1rYdTpyv03iycF1+BhzrzQJCdOuAOtaqHTWJZCWvijKD2N5Xu0TtVC8/+1faWqcP9iBCWOmjmhoH94dH82BxPQ==

"@esbuild/netbsd-x64@0.21.5":
  version "0.21.5"
  resolved "https://registry.yarnpkg.com/@esbuild/netbsd-x64/-/netbsd-x64-0.21.5.tgz#bbe430f60d378ecb88decb219c602667387a6047"
  integrity sha512-Woi2MXzXjMULccIwMnLciyZH4nCIMpWQAs049KEeMvOcNADVxo0UBIQPfSmxB3CWKedngg7sWZdLvLczpe0tLg==

"@esbuild/openbsd-x64@0.21.5":
  version "0.21.5"
  resolved "https://registry.yarnpkg.com/@esbuild/openbsd-x64/-/openbsd-x64-0.21.5.tgz#99d1cf2937279560d2104821f5ccce220cb2af70"
  integrity sha512-HLNNw99xsvx12lFBUwoT8EVCsSvRNDVxNpjZ7bPn947b8gJPzeHWyNVhFsaerc0n3TsbOINvRP2byTZ5LKezow==

"@esbuild/sunos-x64@0.21.5":
  version "0.21.5"
  resolved "https://registry.yarnpkg.com/@esbuild/sunos-x64/-/sunos-x64-0.21.5.tgz#08741512c10d529566baba837b4fe052c8f3487b"
  integrity sha512-6+gjmFpfy0BHU5Tpptkuh8+uw3mnrvgs+dSPQXQOv3ekbordwnzTVEb4qnIvQcYXq6gzkyTnoZ9dZG+D4garKg==

"@esbuild/win32-arm64@0.21.5":
  version "0.21.5"
  resolved "https://registry.yarnpkg.com/@esbuild/win32-arm64/-/win32-arm64-0.21.5.tgz#675b7385398411240735016144ab2e99a60fc75d"
  integrity sha512-Z0gOTd75VvXqyq7nsl93zwahcTROgqvuAcYDUr+vOv8uHhNSKROyU961kgtCD1e95IqPKSQKH7tBTslnS3tA8A==

"@esbuild/win32-ia32@0.21.5":
  version "0.21.5"
  resolved "https://registry.yarnpkg.com/@esbuild/win32-ia32/-/win32-ia32-0.21.5.tgz#1bfc3ce98aa6ca9a0969e4d2af72144c59c1193b"
  integrity sha512-SWXFF1CL2RVNMaVs+BBClwtfZSvDgtL//G/smwAc5oVK/UPu2Gu9tIaRgFmYFFKrmg3SyAjSrElf0TiJ1v8fYA==

"@esbuild/win32-x64@0.21.5":
  version "0.21.5"
  resolved "https://registry.yarnpkg.com/@esbuild/win32-x64/-/win32-x64-0.21.5.tgz#acad351d582d157bb145535db2a6ff53dd514b5c"
  integrity sha512-tQd/1efJuzPC6rCFwEvLtci/xNFcTZknmXs98FYDfGE4wP9ClFV98nyKrzJKVPMhdDnjzLhdUyMX4PsQAPjwIw==

"@hono/node-server@^1.11.2", "@hono/node-server@^1.19.9":
  version "1.19.9"
  resolved "https://registry.yarnpkg.com/@hono/node-server/-/node-server-1.19.9.tgz#8f37119b1acf283fd3f6035f3d1356fdb97a09ac"
  integrity sha512-vHL6w3ecZsky+8P5MD+eFfaGTyCeOHUIFYMGpQGbrBTSmNNoxv0if69rEZ5giu36weC5saFuznL411gRX7bJDw==

"@hono/valibot-validator@^0.3.0":
  version "0.3.1"
  resolved "https://registry.yarnpkg.com/@hono/valibot-validator/-/valibot-validator-0.3.1.tgz#ba8c3378ced10f8e0b52faed70b7dce29fb8e16d"
  integrity sha512-nsHzczDBZcipQQnLcz/Sdfo+qiTDHH+gC6uj6DeyHH2dEIVYtqsKRlrVEJUYx/pKnTd9akQfsDRhvXo8pVuGfQ==

"@noble/ciphers@^1.3.0":
  version "1.3.0"
  resolved "https://registry.yarnpkg.com/@noble/ciphers/-/ciphers-1.3.0.tgz#f64b8ff886c240e644e5573c097f86e5b43676dc"
  integrity sha512-2I0gnIVPtfnMw9ee9h1dJG7tp81+8Ob3OJb3Mv37rx5L40/b0i7djjCVvGOVqc9AEIQyvyu1i6ypKdFw8R8gQw==

"@noble/curves@1.9.1":
  version "1.9.1"
  resolved "https://registry.yarnpkg.com/@noble/curves/-/curves-1.9.1.tgz#9654a0bc6c13420ae252ddcf975eaf0f58f0a35c"
  integrity sha512-k11yZxZg+t+gWvBbIswW0yoJlu8cHOC7dhunwOzoWH/mXGBiYyR4YY6hAEK/3EUs4UpB8la1RfdRpeGsFHkWsA==
  dependencies:
    "@noble/hashes" "1.8.0"

"@noble/curves@^1.3.0", "@noble/curves@~1.9.0":
  version "1.9.7"
  resolved "https://registry.yarnpkg.com/@noble/curves/-/curves-1.9.7.tgz#79d04b4758a43e4bca2cbdc62e7771352fa6b951"
  integrity sha512-gbKGcRUYIjA3/zCCNaWDciTMFI0dCkvou3TL8Zmy5Nc7sJ47a0jtOeZoTaMxkuqRo9cRhjOdZJXegxYE5FN/xw==
  dependencies:
    "@noble/hashes" "1.8.0"

"@noble/hashes@1.8.0", "@noble/hashes@^1.3.3", "@noble/hashes@^1.8.0", "@noble/hashes@~1.8.0":
  version "1.8.0"
  resolved "https://registry.yarnpkg.com/@noble/hashes/-/hashes-1.8.0.tgz#cee43d801fcef9644b11b8194857695acd5f815a"
  integrity sha512-jCs9ldd7NwzpgXDIf6P3+NrHh9/sD6CQdxHyjQI+h/6rDNo88ypBxxz45UDuZHz9r3tNz7N/VInSVoVdtXEI4A==

"@nodelib/fs.scandir@2.1.5":
  version "2.1.5"
  resolved "https://registry.yarnpkg.com/@nodelib/fs.scandir/-/fs.scandir-2.1.5.tgz#7619c2eb21b25483f6d167548b4cfd5a7488c3d5"
  integrity sha512-vq24Bq3ym5HEQm2NKCr3yXDwjc7vTsEThRDnkp2DK9p1uqLR+DHurm/NOTo0KG7HYHU7eppKZj3MyqYuMBf62g==
  dependencies:
    "@nodelib/fs.stat" "2.0.5"
    run-parallel "^1.1.9"

"@nodelib/fs.stat@2.0.5", "@nodelib/fs.stat@^2.0.2":
  version "2.0.5"
  resolved "https://registry.yarnpkg.com/@nodelib/fs.stat/-/fs.stat-2.0.5.tgz#5bd262af94e9d25bd1e71b05deed44876a222e8b"
  integrity sha512-RkhPPp2zrqDAQA/2jNhnztcPAlv64XdhIp7a7454A5ovI7Bukxgt7MX7udwAu3zg1DcpPU0rz3VV1SeaqvY4+A==

"@nodelib/fs.walk@^1.2.3":
  version "1.2.8"
  resolved "https://registry.yarnpkg.com/@nodelib/fs.walk/-/fs.walk-1.2.8.tgz#e95737e8bb6746ddedf69c556953494f196fe69a"
  integrity sha512-oGB+UxlgWcgQkgwo8GcEGwemoTFt3FIO9ababBmaGwXIoBKZ+GTy0pP185beGg7Llih/NSHSV2XAs1lnznocSg==
  dependencies:
    "@nodelib/fs.scandir" "2.1.5"
    fastq "^1.6.0"

"@resvg/resvg-wasm@2.4.0":
  version "2.4.0"
  resolved "https://registry.yarnpkg.com/@resvg/resvg-wasm/-/resvg-wasm-2.4.0.tgz#e01164b9a267c822e1ff797daa2fb91b663ea6f0"
  integrity sha512-C7c51Nn4yTxXFKvgh2txJFNweaVcfUPQxwEUFw4aWsCmfiBDJsTSwviIF8EcwjQ6k8bPyMWCl1vw4BdxE569Cg==

"@rollup/rollup-android-arm-eabi@4.56.0":
  version "4.56.0"
  resolved "https://registry.yarnpkg.com/@rollup/rollup-android-arm-eabi/-/rollup-android-arm-eabi-4.56.0.tgz#067cfcd81f1c1bfd92aefe3ad5ef1523549d5052"
  integrity sha512-LNKIPA5k8PF1+jAFomGe3qN3bbIgJe/IlpDBwuVjrDKrJhVWywgnJvflMt/zkbVNLFtF1+94SljYQS6e99klnw==

"@rollup/rollup-android-arm64@4.56.0":
  version "4.56.0"
  resolved "https://registry.yarnpkg.com/@rollup/rollup-android-arm64/-/rollup-android-arm64-4.56.0.tgz#85e39a44034d7d4e4fee2a1616f0bddb85a80517"
  integrity sha512-lfbVUbelYqXlYiU/HApNMJzT1E87UPGvzveGg2h0ktUNlOCxKlWuJ9jtfvs1sKHdwU4fzY7Pl8sAl49/XaEk6Q==

"@rollup/rollup-darwin-arm64@4.56.0":
  version "4.56.0"
  resolved "https://registry.yarnpkg.com/@rollup/rollup-darwin-arm64/-/rollup-darwin-arm64-4.56.0.tgz#17d92fe98f2cc277b91101eb1528b7c0b6c00c54"
  integrity sha512-EgxD1ocWfhoD6xSOeEEwyE7tDvwTgZc8Bss7wCWe+uc7wO8G34HHCUH+Q6cHqJubxIAnQzAsyUsClt0yFLu06w==

"@rollup/rollup-darwin-x64@4.56.0":
  version "4.56.0"
  resolved "https://registry.yarnpkg.com/@rollup/rollup-darwin-x64/-/rollup-darwin-x64-4.56.0.tgz#89ae6c66b1451609bd1f297da9384463f628437d"
  integrity sha512-1vXe1vcMOssb/hOF8iv52A7feWW2xnu+c8BV4t1F//m9QVLTfNVpEdja5ia762j/UEJe2Z1jAmEqZAK42tVW3g==

"@rollup/rollup-freebsd-arm64@4.56.0":
  version "4.56.0"
  resolved "https://registry.yarnpkg.com/@rollup/rollup-freebsd-arm64/-/rollup-freebsd-arm64-4.56.0.tgz#cdbdb9947b26e76c188a31238c10639347413628"
  integrity sha512-bof7fbIlvqsyv/DtaXSck4VYQ9lPtoWNFCB/JY4snlFuJREXfZnm+Ej6yaCHfQvofJDXLDMTVxWscVSuQvVWUQ==

"@rollup/rollup-freebsd-x64@4.56.0":
  version "4.56.0"
  resolved "https://registry.yarnpkg.com/@rollup/rollup-freebsd-x64/-/rollup-freebsd-x64-4.56.0.tgz#9b1458d07b6e040be16ee36d308a2c9520f7f7cc"
  integrity sha512-KNa6lYHloW+7lTEkYGa37fpvPq+NKG/EHKM8+G/g9WDU7ls4sMqbVRV78J6LdNuVaeeK5WB9/9VAFbKxcbXKYg==

"@rollup/rollup-linux-arm-gnueabihf@4.56.0":
  version "4.56.0"
  resolved "https://registry.yarnpkg.com/@rollup/rollup-linux-arm-gnueabihf/-/rollup-linux-arm-gnueabihf-4.56.0.tgz#1d50ded7c965d5f125f5832c971ad5b287befef7"
  integrity sha512-E8jKK87uOvLrrLN28jnAAAChNq5LeCd2mGgZF+fGF5D507WlG/Noct3lP/QzQ6MrqJ5BCKNwI9ipADB6jyiq2A==

"@rollup/rollup-linux-arm-musleabihf@4.56.0":
  version "4.56.0"
  resolved "https://registry.yarnpkg.com/@rollup/rollup-linux-arm-musleabihf/-/rollup-linux-arm-musleabihf-4.56.0.tgz#53597e319b7e65990d3bc2a5048097384814c179"
  integrity sha512-jQosa5FMYF5Z6prEpTCCmzCXz6eKr/tCBssSmQGEeozA9tkRUty/5Vx06ibaOP9RCrW1Pvb8yp3gvZhHwTDsJw==

"@rollup/rollup-linux-arm64-gnu@4.56.0":
  version "4.56.0"
  resolved "https://registry.yarnpkg.com/@rollup/rollup-linux-arm64-gnu/-/rollup-linux-arm64-gnu-4.56.0.tgz#597002909dec198ca4bdccb25f043d32db3d6283"
  integrity sha512-uQVoKkrC1KGEV6udrdVahASIsaF8h7iLG0U0W+Xn14ucFwi6uS539PsAr24IEF9/FoDtzMeeJXJIBo5RkbNWvQ==

"@rollup/rollup-linux-arm64-musl@4.56.0":
  version "4.56.0"
  resolved "https://registry.yarnpkg.com/@rollup/rollup-linux-arm64-musl/-/rollup-linux-arm64-musl-4.56.0.tgz#286f0e0f799545ce288bdc5a7c777261fcba3d54"
  integrity sha512-vLZ1yJKLxhQLFKTs42RwTwa6zkGln+bnXc8ueFGMYmBTLfNu58sl5/eXyxRa2RarTkJbXl8TKPgfS6V5ijNqEA==

"@rollup/rollup-linux-loong64-gnu@4.56.0":
  version "4.56.0"
  resolved "https://registry.yarnpkg.com/@rollup/rollup-linux-loong64-gnu/-/rollup-linux-loong64-gnu-4.56.0.tgz#1fab07fa1a4f8d3697735b996517f1bae0ba101b"
  integrity sha512-FWfHOCub564kSE3xJQLLIC/hbKqHSVxy8vY75/YHHzWvbJL7aYJkdgwD/xGfUlL5UV2SB7otapLrcCj2xnF1dg==

"@rollup/rollup-linux-loong64-musl@4.56.0":
  version "4.56.0"
  resolved "https://registry.yarnpkg.com/@rollup/rollup-linux-loong64-musl/-/rollup-linux-loong64-musl-4.56.0.tgz#efc2cb143d6c067f95205482afb177f78ed9ea3d"
  integrity sha512-z1EkujxIh7nbrKL1lmIpqFTc/sr0u8Uk0zK/qIEFldbt6EDKWFk/pxFq3gYj4Bjn3aa9eEhYRlL3H8ZbPT1xvA==

"@rollup/rollup-linux-ppc64-gnu@4.56.0":
  version "4.56.0"
  resolved "https://registry.yarnpkg.com/@rollup/rollup-linux-ppc64-gnu/-/rollup-linux-ppc64-gnu-4.56.0.tgz#e8de8bd3463f96b92b7dfb7f151fd80ffe8a937c"
  integrity sha512-iNFTluqgdoQC7AIE8Q34R3AuPrJGJirj5wMUErxj22deOcY7XwZRaqYmB6ZKFHoVGqRcRd0mqO+845jAibKCkw==

"@rollup/rollup-linux-ppc64-musl@4.56.0":
  version "4.56.0"
  resolved "https://registry.yarnpkg.com/@rollup/rollup-linux-ppc64-musl/-/rollup-linux-ppc64-musl-4.56.0.tgz#8c508fe28a239da83b3a9da75bcf093186e064b4"
  integrity sha512-MtMeFVlD2LIKjp2sE2xM2slq3Zxf9zwVuw0jemsxvh1QOpHSsSzfNOTH9uYW9i1MXFxUSMmLpeVeUzoNOKBaWg==

"@rollup/rollup-linux-riscv64-gnu@4.56.0":
  version "4.56.0"
  resolved "https://registry.yarnpkg.com/@rollup/rollup-linux-riscv64-gnu/-/rollup-linux-riscv64-gnu-4.56.0.tgz#ff6d51976e0830732880770a9e18553136b8d92b"
  integrity sha512-in+v6wiHdzzVhYKXIk5U74dEZHdKN9KH0Q4ANHOTvyXPG41bajYRsy7a8TPKbYPl34hU7PP7hMVHRvv/5aCSew==

"@rollup/rollup-linux-riscv64-musl@4.56.0":
  version "4.56.0"
  resolved "https://registry.yarnpkg.com/@rollup/rollup-linux-riscv64-musl/-/rollup-linux-riscv64-musl-4.56.0.tgz#325fb35eefc7e81d75478318f0deee1e4a111493"
  integrity sha512-yni2raKHB8m9NQpI9fPVwN754mn6dHQSbDTwxdr9SE0ks38DTjLMMBjrwvB5+mXrX+C0npX0CVeCUcvvvD8CNQ==

"@rollup/rollup-linux-s390x-gnu@4.56.0":
  version "4.56.0"
  resolved "https://registry.yarnpkg.com/@rollup/rollup-linux-s390x-gnu/-/rollup-linux-s390x-gnu-4.56.0.tgz#37410fabb5d3ba4ad34abcfbe9ba9b6288413f30"
  integrity sha512-zhLLJx9nQPu7wezbxt2ut+CI4YlXi68ndEve16tPc/iwoylWS9B3FxpLS2PkmfYgDQtosah07Mj9E0khc3Y+vQ==

"@rollup/rollup-linux-x64-gnu@4.56.0":
  version "4.56.0"
  resolved "https://registry.yarnpkg.com/@rollup/rollup-linux-x64-gnu/-/rollup-linux-x64-gnu-4.56.0.tgz#8ef907a53b2042068fc03fcc6a641e2b02276eca"
  integrity sha512-MVC6UDp16ZSH7x4rtuJPAEoE1RwS8N4oK9DLHy3FTEdFoUTCFVzMfJl/BVJ330C+hx8FfprA5Wqx4FhZXkj2Kw==

"@rollup/rollup-linux-x64-musl@4.56.0":
  version "4.56.0"
  resolved "https://registry.yarnpkg.com/@rollup/rollup-linux-x64-musl/-/rollup-linux-x64-musl-4.56.0.tgz#61b9ba09ea219e0174b3f35a6ad2afc94bdd5662"
  integrity sha512-ZhGH1eA4Qv0lxaV00azCIS1ChedK0V32952Md3FtnxSqZTBTd6tgil4nZT5cU8B+SIw3PFYkvyR4FKo2oyZIHA==

"@rollup/rollup-openbsd-x64@4.56.0":
  version "4.56.0"
  resolved "https://registry.yarnpkg.com/@rollup/rollup-openbsd-x64/-/rollup-openbsd-x64-4.56.0.tgz#fc4e54133134c1787d0b016ffdd5aeb22a5effd3"
  integrity sha512-O16XcmyDeFI9879pEcmtWvD/2nyxR9mF7Gs44lf1vGGx8Vg2DRNx11aVXBEqOQhWb92WN4z7fW/q4+2NYzCbBA==

"@rollup/rollup-openharmony-arm64@4.56.0":
  version "4.56.0"
  resolved "https://registry.yarnpkg.com/@rollup/rollup-openharmony-arm64/-/rollup-openharmony-arm64-4.56.0.tgz#959ae225b1eeea0cc5b7c9f88e4834330fb6cd09"
  integrity sha512-LhN/Reh+7F3RCgQIRbgw8ZMwUwyqJM+8pXNT6IIJAqm2IdKkzpCh/V9EdgOMBKuebIrzswqy4ATlrDgiOwbRcQ==

"@rollup/rollup-win32-arm64-msvc@4.56.0":
  version "4.56.0"
  resolved "https://registry.yarnpkg.com/@rollup/rollup-win32-arm64-msvc/-/rollup-win32-arm64-msvc-4.56.0.tgz#842acd38869fa1cbdbc240c76c67a86f93444c27"
  integrity sha512-kbFsOObXp3LBULg1d3JIUQMa9Kv4UitDmpS+k0tinPBz3watcUiV2/LUDMMucA6pZO3WGE27P7DsfaN54l9ing==

"@rollup/rollup-win32-ia32-msvc@4.56.0":
  version "4.56.0"
  resolved "https://registry.yarnpkg.com/@rollup/rollup-win32-ia32-msvc/-/rollup-win32-ia32-msvc-4.56.0.tgz#7ab654def4042df44cb29f8ed9d5044e850c66d5"
  integrity sha512-vSSgny54D6P4vf2izbtFm/TcWYedw7f8eBrOiGGecyHyQB9q4Kqentjaj8hToe+995nob/Wv48pDqL5a62EWtg==

"@rollup/rollup-win32-x64-gnu@4.56.0":
  version "4.56.0"
  resolved "https://registry.yarnpkg.com/@rollup/rollup-win32-x64-gnu/-/rollup-win32-x64-gnu-4.56.0.tgz#7426cdec1b01d2382ffd5cda83cbdd1c8efb3ca6"
  integrity sha512-FeCnkPCTHQJFbiGG49KjV5YGW/8b9rrXAM2Mz2kiIoktq2qsJxRD5giEMEOD2lPdgs72upzefaUvS+nc8E3UzQ==

"@rollup/rollup-win32-x64-msvc@4.56.0":
  version "4.56.0"
  resolved "https://registry.yarnpkg.com/@rollup/rollup-win32-x64-msvc/-/rollup-win32-x64-msvc-4.56.0.tgz#9eec0212732a432c71bde0350bc40b673d15b2db"
  integrity sha512-H8AE9Ur/t0+1VXujj90w0HrSOuv0Nq9r1vSZF2t5km20NTfosQsGGUXDaKdQZzwuLts7IyL1fYT4hM95TI9c4g==

"@scure/base@~1.2.5":
  version "1.2.6"
  resolved "https://registry.yarnpkg.com/@scure/base/-/base-1.2.6.tgz#ca917184b8231394dd8847509c67a0be522e59f6"
  integrity sha512-g/nm5FgUa//MCj1gV09zTJTaM6KBAHqLN907YVQqf7zC49+DcO4B1so4ZX07Ef10Twr6nuqYEH9GEggFXA4Fmg==

"@scure/bip32@1.7.0", "@scure/bip32@^1.7.0":
  version "1.7.0"
  resolved "https://registry.yarnpkg.com/@scure/bip32/-/bip32-1.7.0.tgz#b8683bab172369f988f1589640e53c4606984219"
  integrity sha512-E4FFX/N3f4B80AKWp5dP6ow+flD1LQZo/w8UnLGYZO674jS6YnYeepycOOksv+vLPSpgN35wgKgy+ybfTb2SMw==
  dependencies:
    "@noble/curves" "~1.9.0"
    "@noble/hashes" "~1.8.0"
    "@scure/base" "~1.2.5"

"@scure/bip39@1.6.0", "@scure/bip39@^1.6.0":
  version "1.6.0"
  resolved "https://registry.yarnpkg.com/@scure/bip39/-/bip39-1.6.0.tgz#475970ace440d7be87a6086cbee77cb8f1a684f9"
  integrity sha512-+lF0BbLiJNwVlev4eKelw1WWLaiKXw7sSl8T6FvBlWkdX+94aGJ4o8XjUdlyhTCjd8c+B3KT3JfS8P0bLRNU6A==
  dependencies:
    "@noble/hashes" "~1.8.0"
    "@scure/base" "~1.2.5"

"@shuding/opentype.js@1.4.0-beta.0":
  version "1.4.0-beta.0"
  resolved "https://registry.yarnpkg.com/@shuding/opentype.js/-/opentype.js-1.4.0-beta.0.tgz#5d1e7e9e056f546aad41df1c5043f8f85d39e24b"
  integrity sha512-3NgmNyH3l/Hv6EvsWJbsvpcpUba6R8IREQ83nH83cyakCw7uM1arZKNfHwv1Wz6jgqrF/j4x5ELvR6PnK9nTcA==
  dependencies:
    fflate "^0.7.3"
    string.prototype.codepointat "^0.2.1"

"@types/estree@1.0.8":
  version "1.0.8"
  resolved "https://registry.yarnpkg.com/@types/estree/-/estree-1.0.8.tgz#958b91c991b1867ced318bedea0e215ee050726e"
  integrity sha512-dWHzHa2WqEXI/O1E9OjrocMTKJl2mSrEolh1Iomrv6U+JuNwaHXsXx9bLu5gG7BUWFIN0skIQJQ/L1rIex4X6w==

"@vercel/og@~0.6.3":
  version "0.6.8"
  resolved "https://registry.yarnpkg.com/@vercel/og/-/og-0.6.8.tgz#9286e71ad33f4745916420efdac7ba407fb89a6f"
  integrity sha512-e4kQK9mP8ntpo3dACWirGod/hHv4qO5JMj9a/0a2AZto7b4persj5YP7t1Er372gTtYFTYxNhMx34jRvHooglw==
  dependencies:
    "@resvg/resvg-wasm" "2.4.0"
    satori "0.12.2"
    yoga-wasm-web "0.3.3"

abitype@1.2.3, abitype@^1.2.3:
  version "1.2.3"
  resolved "https://registry.yarnpkg.com/abitype/-/abitype-1.2.3.tgz#bec3e09dea97d99ef6c719140bee663a329ad1f4"
  integrity sha512-Ofer5QUnuUdTFsBRwARMoWKOH1ND5ehwYhJ3OJ/BQO+StkwQjHw0XyVh4vDttzHB7QOFhPHa/o413PJ82gU/Tg==

base64-js@0.0.8:
  version "0.0.8"
  resolved "https://registry.yarnpkg.com/base64-js/-/base64-js-0.0.8.tgz#1101e9544f4a76b1bc3b26d452ca96d7a35e7978"
  integrity sha512-3XSA2cR/h/73EzlXXdU6YNycmYI7+kicTxks4eJg2g39biHR84slg2+des+p7iHYhbRg/udIS4TD53WabcOUkw==

braces@^3.0.3:
  version "3.0.3"
  resolved "https://registry.yarnpkg.com/braces/-/braces-3.0.3.tgz#490332f40919452272d55a8480adc0c441358789"
  integrity sha512-yQbXgO/OSZVD2IsiLlro+7Hf6Q18EJrKSEsdoMzKePKXct3gvD8oLcOQdIzGupr5Fj+EDe8gO/lxc1BzfMpxvA==
  dependencies:
    fill-range "^7.1.1"

cac@^6.7.14:
  version "6.7.14"
  resolved "https://registry.yarnpkg.com/cac/-/cac-6.7.14.tgz#804e1e6f506ee363cb0e3ccbb09cad5dd9870959"
  integrity sha512-b6Ilus+c3RrdDk+JhLKUAQfzzgLEPy6wcXqS7f/xe1EETvsDP6GORG7SFuOs6cID5YkqchW/LXZbX5bc8j7ZcQ==

camelize@^1.0.0:
  version "1.0.1"
  resolved "https://registry.yarnpkg.com/camelize/-/camelize-1.0.1.tgz#89b7e16884056331a35d6b5ad064332c91daa6c3"
  integrity sha512-dU+Tx2fsypxTgtLoE36npi3UqcjSSMNYfkqgmoEhtZrraP5VWq0K7FkWVTYa8eMPtnU/G2txVsfdCJTn9uzpuQ==

color-name@^1.1.4:
  version "1.1.4"
  resolved "https://registry.yarnpkg.com/color-name/-/color-name-1.1.4.tgz#c2a09a87acbde69543de6f63fa3995c826c536a2"
  integrity sha512-dOy+3AuW3a2wNbZHIuMZpTcgjGuLU/uBL/ubcZF9OXbDo8ff4O8yVp5Bf0efS8uEoYo5q4Fx7dY9OgQGXgAsQA==

css-background-parser@^0.1.0:
  version "0.1.0"
  resolved "https://registry.yarnpkg.com/css-background-parser/-/css-background-parser-0.1.0.tgz#48a17f7fe6d4d4f1bca3177ddf16c5617950741b"
  integrity sha512-2EZLisiZQ+7m4wwur/qiYJRniHX4K5Tc9w93MT3AS0WS1u5kaZ4FKXlOTBhOjc+CgEgPiGY+fX1yWD8UwpEqUA==

css-box-shadow@1.0.0-3:
  version "1.0.0-3"
  resolved "https://registry.yarnpkg.com/css-box-shadow/-/css-box-shadow-1.0.0-3.tgz#9eaeb7140947bf5d649fc49a19e4bbaa5f602713"
  integrity sha512-9jaqR6e7Ohds+aWwmhe6wILJ99xYQbfmK9QQB9CcMjDbTxPZjwEmUQpU91OG05Xgm8BahT5fW+svbsQGjS/zPg==

css-color-keywords@^1.0.0:
  version "1.0.0"
  resolved "https://registry.yarnpkg.com/css-color-keywords/-/css-color-keywords-1.0.0.tgz#fea2616dc676b2962686b3af8dbdbe180b244e05"
  integrity sha512-FyyrDHZKEjXDpNJYvVsV960FiqQyXc/LlYmsxl2BcdMb2WPx0OGRVgTg55rPSyLSNMqP52R9r8geSp7apN3Ofg==

css-gradient-parser@^0.0.16:
  version "0.0.16"
  resolved "https://registry.yarnpkg.com/css-gradient-parser/-/css-gradient-parser-0.0.16.tgz#5735da0822aef39da9b1960b314792ab542d9bb5"
  integrity sha512-3O5QdqgFRUbXvK1x5INf1YkBz1UKSWqrd63vWsum8MNHDBYD5urm3QtxZbKU259OrEXNM26lP/MPY3d1IGkBgA==

css-to-react-native@^3.0.0:
  version "3.2.0"
  resolved "https://registry.yarnpkg.com/css-to-react-native/-/css-to-react-native-3.2.0.tgz#cdd8099f71024e149e4f6fe17a7d46ecd55f1e32"
  integrity sha512-e8RKaLXMOFii+02mOlqwjbD00KSEKqblnpO9e++1aXS1fPQOpS1YoqdVHBqPjHNoxeF2mimzVqawm2KCbEdtHQ==
  dependencies:
    camelize "^1.0.0"
    css-color-keywords "^1.0.0"
    postcss-value-parser "^4.0.2"

csstype@^3.1.3:
  version "3.2.3"
  resolved "https://registry.yarnpkg.com/csstype/-/csstype-3.2.3.tgz#ec48c0f3e993e50648c86da559e2610995cf989a"
  integrity sha512-z1HGKcYy2xA8AGQfwrn0PAy+PB7X/GSj3UVJW9qKyn43xWa+gl5nXmU4qqLMRzWVLFC8KusUX8T/0kCiOYpAIQ==

detect-browser@^5.3.0:
  version "5.3.0"
  resolved "https://registry.yarnpkg.com/detect-browser/-/detect-browser-5.3.0.tgz#9705ef2bddf46072d0f7265a1fe300e36fe7ceca"
  integrity sha512-53rsFbGdwMwlF7qvCt0ypLM5V5/Mbl0szB7GPN8y9NCcbknYOeVVXdrXEq+90IwAfrrzt6Hd+u2E2ntakICU8w==

dom-parser@^1.1.5:
  version "1.1.5"
  resolved "https://registry.yarnpkg.com/dom-parser/-/dom-parser-1.1.5.tgz#cba785f2235e769750996ae3d35d08b9f35f82d8"
  integrity sha512-lCiFG48ZUzGXjKN0qhSkxD/i3ndyV6I37zQ3W2VFYLjF1ob8A+QgSsM7Ps2UT0d3LpJxLMmMHiJJ34z5hkKLiA==

emoji-regex-xs@^2.0.1:
  version "2.0.1"
  resolved "https://registry.yarnpkg.com/emoji-regex-xs/-/emoji-regex-xs-2.0.1.tgz#012f4e4d88ecec8397df32d5b4ef89d422559c0e"
  integrity sha512-1QFuh8l7LqUcKe24LsPUNzjrzJQ7pgRwp1QMcZ5MX6mFplk2zQ08NVCM84++1cveaUUYtcCYHmeFEuNg16sU4g==

emoji-regex@^10.2.1:
  version "10.6.0"
  resolved "https://registry.yarnpkg.com/emoji-regex/-/emoji-regex-10.6.0.tgz#bf3d6e8f7f8fd22a65d9703475bc0147357a6b0d"
  integrity sha512-toUI84YS5YmxW219erniWD0CIVOo46xGKColeNQRgOzDorgBi1v4D71/OFzgD9GO2UGKIv1C3Sp8DAn0+j5w7A==

esbuild@^0.21.3:
  version "0.21.5"
  resolved "https://registry.yarnpkg.com/esbuild/-/esbuild-0.21.5.tgz#9ca301b120922959b766360d8ac830da0d02997d"
  integrity sha512-mg3OPMV4hXywwpoDxu3Qda5xCKQi+vCTZq8S9J/EpkhB2HzKXq4SNFZE3+NK93JYxc8VMSep+lOUSC/RVKaBqw==
  optionalDependencies:
    "@esbuild/aix-ppc64" "0.21.5"
    "@esbuild/android-arm" "0.21.5"
    "@esbuild/android-arm64" "0.21.5"
    "@esbuild/android-x64" "0.21.5"
    "@esbuild/darwin-arm64" "0.21.5"
    "@esbuild/darwin-x64" "0.21.5"
    "@esbuild/freebsd-arm64" "0.21.5"
    "@esbuild/freebsd-x64" "0.21.5"
    "@esbuild/linux-arm" "0.21.5"
    "@esbuild/linux-arm64" "0.21.5"
    "@esbuild/linux-ia32" "0.21.5"
    "@esbuild/linux-loong64" "0.21.5"
    "@esbuild/linux-mips64el" "0.21.5"
    "@esbuild/linux-ppc64" "0.21.5"
    "@esbuild/linux-riscv64" "0.21.5"
    "@esbuild/linux-s390x" "0.21.5"
    "@esbuild/linux-x64" "0.21.5"
    "@esbuild/netbsd-x64" "0.21.5"
    "@esbuild/openbsd-x64" "0.21.5"
    "@esbuild/sunos-x64" "0.21.5"
    "@esbuild/win32-arm64" "0.21.5"
    "@esbuild/win32-ia32" "0.21.5"
    "@esbuild/win32-x64" "0.21.5"

escape-html@^1.0.3:
  version "1.0.3"
  resolved "https://registry.yarnpkg.com/escape-html/-/escape-html-1.0.3.tgz#0258eae4d3d0c0974de1c169188ef0051d1d1988"
  integrity sha512-NiSupZ4OeuGwr68lGIeym/ksIZMJodUGOSCZ/FSnTxcrekbvqrgdUxlJOMpijaKZVjAJrWrGs/6Jy8OMuyj9ow==

eventemitter3@5.0.1:
  version "5.0.1"
  resolved "https://registry.yarnpkg.com/eventemitter3/-/eventemitter3-5.0.1.tgz#53f5ffd0a492ac800721bb42c66b841de96423c4"
  integrity sha512-GWkBvjiSZK87ELrYOSESUYeVIc9mvLLf/nXalMOS5dYrgZq9o5OVkbZAVM06CVxYsCwH9BDZFPlQTlPA1j4ahA==

fast-glob@3.3.2:
  version "3.3.2"
  resolved "https://registry.yarnpkg.com/fast-glob/-/fast-glob-3.3.2.tgz#a904501e57cfdd2ffcded45e99a54fef55e46129"
  integrity sha512-oX2ruAFQwf/Orj8m737Y5adxDQO0LAB7/S5MnxCdTNDd4p6BsyIVsv9JQsATbTSq8KHRpLwIHbVlUNatxd+1Ow==
  dependencies:
    "@nodelib/fs.stat" "^2.0.2"
    "@nodelib/fs.walk" "^1.2.3"
    glob-parent "^5.1.2"
    merge2 "^1.3.0"
    micromatch "^4.0.4"

fastq@^1.6.0:
  version "1.20.1"
  resolved "https://registry.yarnpkg.com/fastq/-/fastq-1.20.1.tgz#ca750a10dc925bc8b18839fd203e3ef4b3ced675"
  integrity sha512-GGToxJ/w1x32s/D2EKND7kTil4n8OVk/9mycTc4VDza13lOvpUZTGX3mFSCtV9ksdGBVzvsyAVLM6mHFThxXxw==
  dependencies:
    reusify "^1.0.4"

fflate@^0.7.3:
  version "0.7.4"
  resolved "https://registry.yarnpkg.com/fflate/-/fflate-0.7.4.tgz#61587e5d958fdabb5a9368a302c25363f4f69f50"
  integrity sha512-5u2V/CDW15QM1XbbgS+0DfPxVB+jUKhWEKuuFuHncbk3tEEqzmoXL+2KyOFuKGqOnmdIy0/davWF1CkuwtibCw==

fill-range@^7.1.1:
  version "7.1.1"
  resolved "https://registry.yarnpkg.com/fill-range/-/fill-range-7.1.1.tgz#44265d3cac07e3ea7dc247516380643754a05292"
  integrity sha512-YsGpe3WHLK8ZYi4tWDg2Jy3ebRz2rXowDxnld4bkQB00cc/1Zw9AWnC0i9ztDJitivtQvaI9KaLyKrc+hBW0yg==
  dependencies:
    to-regex-range "^5.0.1"

frog@^0.18.3:
  version "0.18.3"
  resolved "https://registry.yarnpkg.com/frog/-/frog-0.18.3.tgz#cc446720b875f8d82f4991a671f2b0ea980eeb13"
  integrity sha512-3GAmoAq3+tg78CevG2qBGFRbotdWDMFfFm2rY9njOHAbP2ij6D5vBz9NqdKfLsefxNKs+Txgli36JcU/JCdNeg==
  dependencies:
    "@bufbuild/protobuf" "^1.7.2"
    "@hono/node-server" "^1.11.2"
    "@hono/valibot-validator" "^0.3.0"
    "@noble/curves" "^1.3.0"
    "@noble/hashes" "^1.3.3"
    cac "^6.7.14"
    csstype "^3.1.3"
    detect-browser "^5.3.0"
    dom-parser "^1.1.5"
    fast-glob "3.3.2"
    fs-extra "^11.2.0"
    hono-og "0.0.29"
    jose "^5.2.2"
    lz-string "^1.5.0"
    path-browserify "^1.0.1"
    valibot "^0.31.0"
    viem "^2.7.10"
    vite "^5.1.3"

fs-extra@^11.2.0:
  version "11.3.3"
  resolved "https://registry.yarnpkg.com/fs-extra/-/fs-extra-11.3.3.tgz#a27da23b72524e81ac6c3815cc0179b8c74c59ee"
  integrity sha512-VWSRii4t0AFm6ixFFmLLx1t7wS1gh+ckoa84aOeapGum0h+EZd1EhEumSB+ZdDLnEPuucsVB9oB7cxJHap6Afg==
  dependencies:
    graceful-fs "^4.2.0"
    jsonfile "^6.0.1"
    universalify "^2.0.0"

fsevents@~2.3.2, fsevents@~2.3.3:
  version "2.3.3"
  resolved "https://registry.yarnpkg.com/fsevents/-/fsevents-2.3.3.tgz#cac6407785d03675a2a5e1a5305c697b347d90d6"
  integrity sha512-5xoDfX+fL7faATnagmWPpbFtwh/R77WmMMqqHGS65C3vvB0YHrgF+B1YmZ3441tMj5n63k0212XNoJwzlhffQw==

glob-parent@^5.1.2:
  version "5.1.2"
  resolved "https://registry.yarnpkg.com/glob-parent/-/glob-parent-5.1.2.tgz#869832c58034fe68a4093c17dc15e8340d8401c4"
  integrity sha512-AOIgSQCepiJYwP3ARnGx+5VnTu2HBYdzbGP45eLw1vr3zB3vZLeyed1sC9hnbcOc9/SrMyM5RPQrkGz4aS9Zow==
  dependencies:
    is-glob "^4.0.1"

graceful-fs@^4.1.6, graceful-fs@^4.2.0:
  version "4.2.11"
  resolved "https://registry.yarnpkg.com/graceful-fs/-/graceful-fs-4.2.11.tgz#4183e4e8bf08bb6e05bbb2f7d2e0c8f712ca40e3"
  integrity sha512-RbJ5/jmFcNNCcDV5o9eTnBLJ/HszWV0P73bc+Ff4nS/rJj+YaS6IGyiOL0VoBYX+l1Wrl3k63h/KrH+nhJ0XvQ==

hex-rgb@^4.1.0:
  version "4.3.0"
  resolved "https://registry.yarnpkg.com/hex-rgb/-/hex-rgb-4.3.0.tgz#af5e974e83bb2fefe44d55182b004ec818c07776"
  integrity sha512-Ox1pJVrDCyGHMG9CFg1tmrRUMRPRsAWYc/PinY0XzJU4K7y7vjNoLKIQ7BR5UJMCxNN8EM1MNDmHWA/B3aZUuw==

hono-og@0.0.29:
  version "0.0.29"
  resolved "https://registry.yarnpkg.com/hono-og/-/hono-og-0.0.29.tgz#c3e24cd68f44779c88418e59018e67a2f41dcff1"
  integrity sha512-j/rWd4c9o8bSysOWnc4CiLaTX79DF8uTxHG9g/J+FeVYDND17uXL7sgmMcRZZXP6QjsrqTFf/Vpmyk1OfJwhTg==
  dependencies:
    "@vercel/og" "~0.6.3"
    workers-og "~0.0.23"

is-extglob@^2.1.1:
  version "2.1.1"
  resolved "https://registry.yarnpkg.com/is-extglob/-/is-extglob-2.1.1.tgz#a88c02535791f02ed37c76a1b9ea9773c833f8c2"
  integrity sha512-SbKbANkN603Vi4jEZv49LeVJMn4yGwsbzZworEoyEiutsN3nJYdbO36zfhGJ6QEDpOZIFkDtnq5JRxmvl3jsoQ==

is-glob@^4.0.1:
  version "4.0.3"
  resolved "https://registry.yarnpkg.com/is-glob/-/is-glob-4.0.3.tgz#64f61e42cbbb2eec2071a9dac0b28ba1e65d5084"
  integrity sha512-xelSayHH36ZgE7ZWhli7pW34hNbNl8Ojv5KVmkJD4hBdD3th8Tfk9vYasLM+mXWOZhFkgZfxhLSnrwRr4elSSg==
  dependencies:
    is-extglob "^2.1.1"

is-number@^7.0.0:
  version "7.0.0"
  resolved "https://registry.yarnpkg.com/is-number/-/is-number-7.0.0.tgz#7535345b896734d5f80c4d06c50955527a14f12b"
  integrity sha512-41Cifkg6e8TylSpdtTpeLVMqvSBEVzTttHvERD741+pnZ8ANv0004MRL43QKPDlK9cGvNp6NZWZUBlbGXYxxng==

isows@1.0.7:
  version "1.0.7"
  resolved "https://registry.yarnpkg.com/isows/-/isows-1.0.7.tgz#1c06400b7eed216fbba3bcbd68f12490fc342915"
  integrity sha512-I1fSfDCZL5P0v33sVqeTDSpcstAg/N+wF5HS033mogOVIp4B+oHC7oOCsA3axAbBSGTJ8QubbNmnIRN/h8U7hg==

jose@^5.2.2:
  version "5.10.0"
  resolved "https://registry.yarnpkg.com/jose/-/jose-5.10.0.tgz#c37346a099d6467c401351a9a0c2161e0f52c4be"
  integrity sha512-s+3Al/p9g32Iq+oqXxkW//7jk2Vig6FF1CFqzVXoTUXt2qz89YWbL+OwS17NFYEvxC35n0FKeGO2LGYSxeM2Gg==

jsonfile@^6.0.1:
  version "6.2.0"
  resolved "https://registry.yarnpkg.com/jsonfile/-/jsonfile-6.2.0.tgz#7c265bd1b65de6977478300087c99f1c84383f62"
  integrity sha512-FGuPw30AdOIUTRMC2OMRtQV+jkVj2cfPqSeWXv1NEAJ1qZ5zb1X6z1mFhbfOB/iy3ssJCD+3KuZ8r8C3uVFlAg==
  dependencies:
    universalify "^2.0.0"
  optionalDependencies:
    graceful-fs "^4.1.6"

just-camel-case@^6.2.0:
  version "6.2.0"
  resolved "https://registry.yarnpkg.com/just-camel-case/-/just-camel-case-6.2.0.tgz#c08a7079f3ae010d25c8d258bb6db1f3f387c225"
  integrity sha512-ICenRLXwkQYLk3UyvLQZ+uKuwFVJ3JHFYFn7F2782G2Mv2hW8WPePqgdhpnjGaqkYtSVWnyCESZhGXUmY3/bEg==

linebreak@^1.1.0:
  version "1.1.0"
  resolved "https://registry.yarnpkg.com/linebreak/-/linebreak-1.1.0.tgz#831cf378d98bced381d8ab118f852bd50d81e46b"
  integrity sha512-MHp03UImeVhB7XZtjd0E4n6+3xr5Dq/9xI/5FptGk5FrbDR3zagPa2DS6U8ks/3HjbKWG9Q1M2ufOzxV2qLYSQ==
  dependencies:
    base64-js "0.0.8"
    unicode-trie "^2.0.0"

lz-string@^1.5.0:
  version "1.5.0"
  resolved "https://registry.yarnpkg.com/lz-string/-/lz-string-1.5.0.tgz#c1ab50f77887b712621201ba9fd4e3a6ed099941"
  integrity sha512-h5bgJWpxJNswbU7qCrV0tIKQCaS3blPDrqKWx+QxzuzL1zGUzij9XCWLrSLsJPu5t+eWA/ycetzYAO5IOMcWAQ==

merge2@^1.3.0:
  version "1.4.1"
  resolved "https://registry.yarnpkg.com/merge2/-/merge2-1.4.1.tgz#4368892f885e907455a6fd7dc55c0c9d404990ae"
  integrity sha512-8q7VEgMJW4J8tcfVPy8g09NcQwZdbwFEqhe/WZkoIzjn/3TGDwtOCYtXGxA3O8tPzpczCCDgv+P2P5y00ZJOOg==

micromatch@^4.0.4:
  version "4.0.8"
  resolved "https://registry.yarnpkg.com/micromatch/-/micromatch-4.0.8.tgz#d66fa18f3a47076789320b9b1af32bd86d9fa202"
  integrity sha512-PXwfBhYu0hBCPw8Dn0E+WDYb7af3dSLVWKi3HGv84IdF4TyFoC0ysxFd0Goxw7nSv4T/PzEJQxsYsEiFCKo2BA==
  dependencies:
    braces "^3.0.3"
    picomatch "^2.3.1"

nanoid@^3.3.11:
  version "3.3.11"
  resolved "https://registry.yarnpkg.com/nanoid/-/nanoid-3.3.11.tgz#4f4f112cefbe303202f2199838128936266d185b"
  integrity sha512-N8SpfPUnUp1bK+PMYW8qSWdl9U+wwNWI4QKxOYDy9JAro3WMX7p2OeVRF9v+347pnakNevPmiHhNmZ2HbFA76w==

ox@0.11.3:
  version "0.11.3"
  resolved "https://registry.yarnpkg.com/ox/-/ox-0.11.3.tgz#f50be1cae88822f5111b1e3f4a324c4c07eed422"
  integrity sha512-1bWYGk/xZel3xro3l8WGg6eq4YEKlaqvyMtVhfMFpbJzK2F6rj4EDRtqDCWVEJMkzcmEi9uW2QxsqELokOlarw==
  dependencies:
    "@adraffy/ens-normalize" "^1.11.0"
    "@noble/ciphers" "^1.3.0"
    "@noble/curves" "1.9.1"
    "@noble/hashes" "^1.8.0"
    "@scure/bip32" "^1.7.0"
    "@scure/bip39" "^1.6.0"
    abitype "^1.2.3"
    eventemitter3 "5.0.1"

pako@^0.2.5:
  version "0.2.9"
  resolved "https://registry.yarnpkg.com/pako/-/pako-0.2.9.tgz#f3f7522f4ef782348da8161bad9ecfd51bf83a75"
  integrity sha512-NUcwaKxUxWrZLpDG+z/xZaCgQITkA/Dv4V/T6bw7VON6l1Xz/VnrBqrYjZQ12TamKHzITTfOEIYUj48y2KXImA==

parse-css-color@^0.2.1:
  version "0.2.1"
  resolved "https://registry.yarnpkg.com/parse-css-color/-/parse-css-color-0.2.1.tgz#b687a583f2e42e66ffdfce80a570706966e807c9"
  integrity sha512-bwS/GGIFV3b6KS4uwpzCFj4w297Yl3uqnSgIPsoQkx7GMLROXfMnWvxfNkL0oh8HVhZA4hvJoEoEIqonfJ3BWg==
  dependencies:
    color-name "^1.1.4"
    hex-rgb "^4.1.0"

path-browserify@^1.0.1:
  version "1.0.1"
  resolved "https://registry.yarnpkg.com/path-browserify/-/path-browserify-1.0.1.tgz#d98454a9c3753d5790860f16f68867b9e46be1fd"
  integrity sha512-b7uo2UCUOYZcnF/3ID0lulOJi/bafxa1xPe7ZPsammBSpjSWQkjNxlt635YGS2MiR9GjvuXCtz2emr3jbsz98g==

picocolors@^1.1.1:
  version "1.1.1"
  resolved "https://registry.yarnpkg.com/picocolors/-/picocolors-1.1.1.tgz#3d321af3eab939b083c8f929a1d12cda81c26b6b"
  integrity sha512-xceH2snhtb5M9liqDsmEw56le376mTZkEX/jEb/RxNFyegNul7eNslCXP9FDj/Lcu0X8KEyMceP2ntpaHrDEVA==

picomatch@^2.3.1:
  version "2.3.1"
  resolved "https://registry.yarnpkg.com/picomatch/-/picomatch-2.3.1.tgz#3ba3833733646d9d3e4995946c1365a67fb07a42"
  integrity sha512-JU3teHTNjmE2VCGFzuY8EXzCDVwEqB2a8fsIvwaStHhAWJEeVd1o1QD80CU6+ZdEXXSLbSsuLwJjkCBWqRQUVA==

postcss-value-parser@^4.0.2, postcss-value-parser@^4.2.0:
  version "4.2.0"
  resolved "https://registry.yarnpkg.com/postcss-value-parser/-/postcss-value-parser-4.2.0.tgz#723c09920836ba6d3e5af019f92bc0971c02e514"
  integrity sha512-1NNCs6uurfkVbeXG4S8JFT9t19m45ICnif8zWLd5oPSZ50QnwMfK+H3jv408d4jw/7Bttv5axS5IiHoLaVNHeQ==

postcss@^8.4.43:
  version "8.5.6"
  resolved "https://registry.yarnpkg.com/postcss/-/postcss-8.5.6.tgz#2825006615a619b4f62a9e7426cc120b349a8f3c"
  integrity sha512-3Ybi1tAuwAP9s0r1UQ2J4n5Y0G05bJkpUIO0/bI9MhwmD70S5aTWbXGBwxHrelT+XM1k6dM0pk+SwNkpTRN7Pg==
  dependencies:
    nanoid "^3.3.11"
    picocolors "^1.1.1"
    source-map-js "^1.2.1"

queue-microtask@^1.2.2:
  version "1.2.3"
  resolved "https://registry.yarnpkg.com/queue-microtask/-/queue-microtask-1.2.3.tgz#4929228bbc724dfac43e0efb058caf7b6cfb6243"
  integrity sha512-NuaNSa6flKT5JaSYQzJok04JzTL1CA6aGhv5rfLW3PgqA+M2ChpZQnAC8h8i4ZFkBS8X5RqkDBHA7r4hej3K9A==

reusify@^1.0.4:
  version "1.1.0"
  resolved "https://registry.yarnpkg.com/reusify/-/reusify-1.1.0.tgz#0fe13b9522e1473f51b558ee796e08f11f9b489f"
  integrity sha512-g6QUff04oZpHs0eG5p83rFLhHeV00ug/Yf9nZM6fLeUrPguBTkTQOdpAWWspMh55TZfVQDPaN3NQJfbVRAxdIw==

rollup@^4.20.0:
  version "4.56.0"
  resolved "https://registry.yarnpkg.com/rollup/-/rollup-4.56.0.tgz#65959d13cfbd7e48b8868c05165b1738f0143862"
  integrity sha512-9FwVqlgUHzbXtDg9RCMgodF3Ua4Na6Gau+Sdt9vyCN4RhHfVKX2DCHy3BjMLTDd47ITDhYAnTwGulWTblJSDLg==
  dependencies:
    "@types/estree" "1.0.8"
  optionalDependencies:
    "@rollup/rollup-android-arm-eabi" "4.56.0"
    "@rollup/rollup-android-arm64" "4.56.0"
    "@rollup/rollup-darwin-arm64" "4.56.0"
    "@rollup/rollup-darwin-x64" "4.56.0"
    "@rollup/rollup-freebsd-arm64" "4.56.0"
    "@rollup/rollup-freebsd-x64" "4.56.0"
    "@rollup/rollup-linux-arm-gnueabihf" "4.56.0"
    "@rollup/rollup-linux-arm-musleabihf" "4.56.0"
    "@rollup/rollup-linux-arm64-gnu" "4.56.0"
    "@rollup/rollup-linux-arm64-musl" "4.56.0"
    "@rollup/rollup-linux-loong64-gnu" "4.56.0"
    "@rollup/rollup-linux-loong64-musl" "4.56.0"
    "@rollup/rollup-linux-ppc64-gnu" "4.56.0"
    "@rollup/rollup-linux-ppc64-musl" "4.56.0"
    "@rollup/rollup-linux-riscv64-gnu" "4.56.0"
    "@rollup/rollup-linux-riscv64-musl" "4.56.0"
    "@rollup/rollup-linux-s390x-gnu" "4.56.0"
    "@rollup/rollup-linux-x64-gnu" "4.56.0"
    "@rollup/rollup-linux-x64-musl" "4.56.0"
    "@rollup/rollup-openbsd-x64" "4.56.0"
    "@rollup/rollup-openharmony-arm64" "4.56.0"
    "@rollup/rollup-win32-arm64-msvc" "4.56.0"
    "@rollup/rollup-win32-ia32-msvc" "4.56.0"
    "@rollup/rollup-win32-x64-gnu" "4.56.0"
    "@rollup/rollup-win32-x64-msvc" "4.56.0"
    fsevents "~2.3.2"

run-parallel@^1.1.9:
  version "1.2.0"
  resolved "https://registry.yarnpkg.com/run-parallel/-/run-parallel-1.2.0.tgz#66d1368da7bdf921eb9d95bd1a9229e7f21a43ee"
  integrity sha512-5l4VyZR86LZ/lDxZTR6jqL8AFE2S0IFLMP26AbjsLVADxHdhB/c0GUsH+y39UfCi3dzz8OlQuPmnaJOMoDHQBA==
  dependencies:
    queue-microtask "^1.2.2"

satori@0.12.2:
  version "0.12.2"
  resolved "https://registry.yarnpkg.com/satori/-/satori-0.12.2.tgz#b0b06ed5eed3cd1b9140777364ba6bd1cb32c37c"
  integrity sha512-3C/laIeE6UUe9A+iQ0A48ywPVCCMKCNSTU5Os101Vhgsjd3AAxGNjyq0uAA8kulMPK5n0csn8JlxPN9riXEjLA==
  dependencies:
    "@shuding/opentype.js" "1.4.0-beta.0"
    css-background-parser "^0.1.0"
    css-box-shadow "1.0.0-3"
    css-gradient-parser "^0.0.16"
    css-to-react-native "^3.0.0"
    emoji-regex "^10.2.1"
    escape-html "^1.0.3"
    linebreak "^1.1.0"
    parse-css-color "^0.2.1"
    postcss-value-parser "^4.2.0"
    yoga-wasm-web "^0.3.3"

satori@^0.15.2:
  version "0.15.2"
  resolved "https://registry.yarnpkg.com/satori/-/satori-0.15.2.tgz#99b497d35e7e3093645a5a08a1935573b7120420"
  integrity sha512-vu/49vdc8MzV5jUchs3TIRDCOkOvMc1iJ11MrZvhg9tE4ziKIEIBjBZvies6a9sfM2vQ2gc3dXeu6rCK7AztHA==
  dependencies:
    "@shuding/opentype.js" "1.4.0-beta.0"
    css-background-parser "^0.1.0"
    css-box-shadow "1.0.0-3"
    css-gradient-parser "^0.0.16"
    css-to-react-native "^3.0.0"
    emoji-regex-xs "^2.0.1"
    escape-html "^1.0.3"
    linebreak "^1.1.0"
    parse-css-color "^0.2.1"
    postcss-value-parser "^4.2.0"
    yoga-wasm-web "^0.3.3"

source-map-js@^1.2.1:
  version "1.2.1"
  resolved "https://registry.yarnpkg.com/source-map-js/-/source-map-js-1.2.1.tgz#1ce5650fddd87abc099eda37dcff024c2667ae46"
  integrity sha512-UXWMKhLOwVKb728IUtQPXxfYU+usdybtUrK/8uGE8CQMvrhOpwvzDBwj0QhSL7MQc7vIsISBG8VQ8+IDQxpfQA==

string.prototype.codepointat@^0.2.1:
  version "0.2.1"
  resolved "https://registry.yarnpkg.com/string.prototype.codepointat/-/string.prototype.codepointat-0.2.1.tgz#004ad44c8afc727527b108cd462b4d971cd469bc"
  integrity sha512-2cBVCj6I4IOvEnjgO/hWqXjqBGsY+zwPmHl12Srk9IXSZ56Jwwmy+66XO5Iut/oQVR7t5ihYdLB0GMa4alEUcg==

tiny-inflate@^1.0.0:
  version "1.0.3"
  resolved "https://registry.yarnpkg.com/tiny-inflate/-/tiny-inflate-1.0.3.tgz#122715494913a1805166aaf7c93467933eea26c4"
  integrity sha512-pkY1fj1cKHb2seWDy0B16HeWyczlJA9/WW3u3c4z/NiWDsO3DOU5D7nhTLE9CF0yXv/QZFY7sEJmj24dK+Rrqw==

to-regex-range@^5.0.1:
  version "5.0.1"
  resolved "https://registry.yarnpkg.com/to-regex-range/-/to-regex-range-5.0.1.tgz#1648c44aae7c8d988a326018ed72f5b4dd0392e4"
  integrity sha512-65P7iz6X5yEr1cwcgvQxbbIw7Uk3gOy5dIdtZ4rDveLqhrdJP+Li/Hx6tyK0NEb+2GCyneCMJiGqrADCSNk8sQ==
  dependencies:
    is-number "^7.0.0"

unicode-trie@^2.0.0:
  version "2.0.0"
  resolved "https://registry.yarnpkg.com/unicode-trie/-/unicode-trie-2.0.0.tgz#8fd8845696e2e14a8b67d78fa9e0dd2cad62fec8"
  integrity sha512-x7bc76x0bm4prf1VLg79uhAzKw8DVboClSN5VxJuQ+LKDOVEW9CdH+VY7SP+vX7xCYQqzzgQpFqz15zeLvAtZQ==
  dependencies:
    pako "^0.2.5"
    tiny-inflate "^1.0.0"

universalify@^2.0.0:
  version "2.0.1"
  resolved "https://registry.yarnpkg.com/universalify/-/universalify-2.0.1.tgz#168efc2180964e6386d061e094df61afe239b18d"
  integrity sha512-gptHNQghINnc/vTGIk0SOFGFNXw7JVrlRUtConJRlvaw6DuX0wO5Jeko9sWrMBhh+PsYAZ7oXAiOnf/UKogyiw==

valibot@^0.31.0:
  version "0.31.1"
  resolved "https://registry.yarnpkg.com/valibot/-/valibot-0.31.1.tgz#fa1481da7cf28a2fdb15e37b0b292023a30293cb"
  integrity sha512-2YYIhPrnVSz/gfT2/iXVTrSj92HwchCt9Cga/6hX4B26iCz9zkIsGTS0HjDYTZfTi1Un0X6aRvhBi1cfqs/i0Q==

viem@^2.45.0, viem@^2.7.10:
  version "2.45.0"
  resolved "https://registry.yarnpkg.com/viem/-/viem-2.45.0.tgz#5f7f28b639193b783b7fbb6bef7575e9cc8d6f86"
  integrity sha512-iVA9qrAgRdtpWa80lCZ6Jri6XzmLOwwA1wagX2HnKejKeliFLpON0KOdyfqvcy+gUpBVP59LBxP2aKiL3aj8fg==
  dependencies:
    "@noble/curves" "1.9.1"
    "@noble/hashes" "1.8.0"
    "@scure/bip32" "1.7.0"
    "@scure/bip39" "1.6.0"
    abitype "1.2.3"
    isows "1.0.7"
    ox "0.11.3"
    ws "8.18.3"

vite@^5.1.3:
  version "5.4.21"
  resolved "https://registry.yarnpkg.com/vite/-/vite-5.4.21.tgz#84a4f7c5d860b071676d39ba513c0d598fdc7027"
  integrity sha512-o5a9xKjbtuhY6Bi5S3+HvbRERmouabWbyUcpXXUA1u+GNUKoROi9byOJ8M0nHbHYHkYICiMlqxkg1KkYmm25Sw==
  dependencies:
    esbuild "^0.21.3"
    postcss "^8.4.43"
    rollup "^4.20.0"
  optionalDependencies:
    fsevents "~2.3.3"

workers-og@~0.0.23:
  version "0.0.27"
  resolved "https://registry.yarnpkg.com/workers-og/-/workers-og-0.0.27.tgz#9e87ee34acac1caffe0c46d4898482e55b0edf6e"
  integrity sha512-QvwptQ0twmouQHiITUi3kYxEPCLdueC/U4msQ2xMz2iktd+iseSs7zlREw3T1dAsPxPw73FQlw8cXFsfANZPlw==
  dependencies:
    "@resvg/resvg-wasm" "2.4.0"
    just-camel-case "^6.2.0"
    satori "^0.15.2"
    yoga-wasm-web "0.3.3"

ws@8.18.3:
  version "8.18.3"
  resolved "https://registry.yarnpkg.com/ws/-/ws-8.18.3.tgz#b56b88abffde62791c639170400c93dcb0c95472"
  integrity sha512-PEIGCY5tSlUt50cqyMXfCzX+oOPqN0vuGqWzbcJ2xvnkzkq46oOpz7dQaTDBdfICb4N14+GARUDw2XV2N4tvzg==

yoga-wasm-web@0.3.3, yoga-wasm-web@^0.3.3:
  version "0.3.3"
  resolved "https://registry.yarnpkg.com/yoga-wasm-web/-/yoga-wasm-web-0.3.3.tgz#eb8e9fcb18e5e651994732f19a220cb885d932ba"
  integrity sha512-N+d4UJSJbt/R3wqY7Coqs5pcV0aUj2j9IaQ3rNj9bVCLld8tTGKRa2USARjnvZJWVx1NDmQev8EknoczaOQDOA==
